
Microsoft Visual Studio Solution File, Format Version 12.00
# Visual Studio Version 17
VisualStudioVersion = 17.14.36301.6
MinimumVisualStudioVersion = 10.0.40219.1
Project("{FAE04EC0-301F-11D3-BF4B-00C04F79EFBC}") = "Railway_Reservation_API_Project", "Railway_Reservation_API_Project.csproj", "{CAAA9F3F-EF92-4ACB-B924-641D1CF500CF}"
EndProject
Project("{FAE04EC0-301F-11D3-BF4B-00C04F79EFBC}") = "TestProject-Moq", "..\TestProject-Moq\TestProject-Moq.csproj", "{96500F9A-E7A0-4D8E-8AB0-EE85EFE73060}"
EndProject
Global
	GlobalSection(SolutionConfigurationPlatforms) = preSolution
		Debug|Any CPU = Debug|Any CPU
		Release|Any CPU = Release|Any CPU
	EndGlobalSection
	GlobalSection(ProjectConfigurationPlatforms) = postSolution
		{CAAA9F3F-EF92-4ACB-B924-641D1CF500CF}.Debug|Any CPU.ActiveCfg = Debug|Any CPU
		{CAAA9F3F-EF92-4ACB-B924-641D1CF500CF}.Debug|Any CPU.Build.0 = Debug|Any CPU
		{CAAA9F3F-EF92-4ACB-B924-641D1CF500CF}.Release|Any CPU.ActiveCfg = Release|Any CPU
		{CAAA9F3F-EF92-4ACB-B924-641D1CF500CF}.Release|Any CPU.Build.0 = Release|Any CPU
		{96500F9A-E7A0-4D8E-8AB0-EE85EFE73060}.Debug|Any CPU.ActiveCfg = Debug|Any CPU
		{96500F9A-E7A0-4D8E-8AB0-EE85EFE73060}.Debug|Any CPU.Build.0 = Debug|Any CPU
		{96500F9A-E7A0-4D8E-8AB0-EE85EFE73060}.Release|Any CPU.ActiveCfg = Release|Any CPU
		{96500F9A-E7A0-4D8E-8AB0-EE85EFE73060}.Release|Any CPU.Build.0 = Release|Any CPU
	EndGlobalSection
	GlobalSection(SolutionProperties) = preSolution
		HideSolutionNode = FALSE
	EndGlobalSection
	GlobalSection(ExtensibilityGlobals) = postSolution
		SolutionGuid = {59C94CD8-9C3F-4D3F-B5A8-08D8B80D080F}
	EndGlobalSection
EndGlobal
